
Microsoft Visual Studio Solution File, Format Version 12.00
# Visual Studio Version 16
VisualStudioVersion = 16.0.31005.135
MinimumVisualStudioVersion = 10.0.40219.1
Project("{FAE04EC0-301F-11D3-BF4B-00C04F79EFBC}") = "serie de un numero", "serie de un numero\serie de un numero.csproj", "{EDE6B00E-2810-49BD-BDE0-08A9882BA6A6}"
EndProject
Global
	GlobalSection(SolutionConfigurationPlatforms) = preSolution
		Debug|Any CPU = Debug|Any CPU
		Release|Any CPU = Release|Any CPU
	EndGlobalSection
	GlobalSection(ProjectConfigurationPlatforms) = postSolution
		{EDE6B00E-2810-49BD-BDE0-08A9882BA6A6}.Debug|Any CPU.ActiveCfg = Debug|Any CPU
		{EDE6B00E-2810-49BD-BDE0-08A9882BA6A6}.Debug|Any CPU.Build.0 = Debug|Any CPU
		{EDE6B00E-2810-49BD-BDE0-08A9882BA6A6}.Release|Any CPU.ActiveCfg = Release|Any CPU
		{EDE6B00E-2810-49BD-BDE0-08A9882BA6A6}.Release|Any CPU.Build.0 = Release|Any CPU
	EndGlobalSection
	GlobalSection(SolutionProperties) = preSolution
		HideSolutionNode = FALSE
	EndGlobalSection
	GlobalSection(ExtensibilityGlobals) = postSolution
		SolutionGuid = {82203939-91F6-4795-AFD6-C63D9B331DD3}
	EndGlobalSection
EndGlobal
