
Microsoft Visual Studio Solution File, Format Version 12.00
# Visual Studio Version 16
VisualStudioVersion = 16.0.31005.135
MinimumVisualStudioVersion = 10.0.40219.1
Project("{FAE04EC0-301F-11D3-BF4B-00C04F79EFBC}") = "perimetro y area", "perimetro y area\perimetro y area.csproj", "{B05E90B9-2A31-4520-A9A2-97E0AA9E740A}"
EndProject
Global
	GlobalSection(SolutionConfigurationPlatforms) = preSolution
		Debug|Any CPU = Debug|Any CPU
		Release|Any CPU = Release|Any CPU
	EndGlobalSection
	GlobalSection(ProjectConfigurationPlatforms) = postSolution
		{B05E90B9-2A31-4520-A9A2-97E0AA9E740A}.Debug|Any CPU.ActiveCfg = Debug|Any CPU
		{B05E90B9-2A31-4520-A9A2-97E0AA9E740A}.Debug|Any CPU.Build.0 = Debug|Any CPU
		{B05E90B9-2A31-4520-A9A2-97E0AA9E740A}.Release|Any CPU.ActiveCfg = Release|Any CPU
		{B05E90B9-2A31-4520-A9A2-97E0AA9E740A}.Release|Any CPU.Build.0 = Release|Any CPU
	EndGlobalSection
	GlobalSection(SolutionProperties) = preSolution
		HideSolutionNode = FALSE
	EndGlobalSection
	GlobalSection(ExtensibilityGlobals) = postSolution
		SolutionGuid = {FC2F8A19-279E-4228-A6CD-84DAA7C928D3}
	EndGlobalSection
EndGlobal
