
Microsoft Visual Studio Solution File, Format Version 12.00
# Visual Studio Version 16
VisualStudioVersion = 16.0.31005.135
MinimumVisualStudioVersion = 10.0.40219.1
Project("{FAE04EC0-301F-11D3-BF4B-00C04F79EFBC}") = "primos", "primos\primos.csproj", "{50EE039D-8E20-4217-AD05-D5DFF83E1827}"
EndProject
Global
	GlobalSection(SolutionConfigurationPlatforms) = preSolution
		Debug|Any CPU = Debug|Any CPU
		Release|Any CPU = Release|Any CPU
	EndGlobalSection
	GlobalSection(ProjectConfigurationPlatforms) = postSolution
		{50EE039D-8E20-4217-AD05-D5DFF83E1827}.Debug|Any CPU.ActiveCfg = Debug|Any CPU
		{50EE039D-8E20-4217-AD05-D5DFF83E1827}.Debug|Any CPU.Build.0 = Debug|Any CPU
		{50EE039D-8E20-4217-AD05-D5DFF83E1827}.Release|Any CPU.ActiveCfg = Release|Any CPU
		{50EE039D-8E20-4217-AD05-D5DFF83E1827}.Release|Any CPU.Build.0 = Release|Any CPU
	EndGlobalSection
	GlobalSection(SolutionProperties) = preSolution
		HideSolutionNode = FALSE
	EndGlobalSection
	GlobalSection(ExtensibilityGlobals) = postSolution
		SolutionGuid = {A341FE68-1908-4934-B979-42AA6DD031A3}
	EndGlobalSection
EndGlobal
